
Microsoft Visual Studio Solution File, Format Version 12.00
# Visual Studio Version 17
VisualStudioVersion = 17.0.32014.148
MinimumVisualStudioVersion = 10.0.40219.1
Project("{FAE04EC0-301F-11D3-BF4B-00C04F79EFBC}") = "ProgrammingConstructs", "ProgrammingConstructs.csproj", "{DE0C45FB-B427-433C-9FD3-5DA8D95A766E}"
EndProject
Global
	GlobalSection(SolutionConfigurationPlatforms) = preSolution
		Debug|Any CPU = Debug|Any CPU
		Release|Any CPU = Release|Any CPU
	EndGlobalSection
	GlobalSection(ProjectConfigurationPlatforms) = postSolution
		{DE0C45FB-B427-433C-9FD3-5DA8D95A766E}.Debug|Any CPU.ActiveCfg = Debug|Any CPU
		{DE0C45FB-B427-433C-9FD3-5DA8D95A766E}.Debug|Any CPU.Build.0 = Debug|Any CPU
		{DE0C45FB-B427-433C-9FD3-5DA8D95A766E}.Release|Any CPU.ActiveCfg = Release|Any CPU
		{DE0C45FB-B427-433C-9FD3-5DA8D95A766E}.Release|Any CPU.Build.0 = Release|Any CPU
	EndGlobalSection
	GlobalSection(SolutionProperties) = preSolution
		HideSolutionNode = FALSE
	EndGlobalSection
	GlobalSection(ExtensibilityGlobals) = postSolution
		SolutionGuid = {88E27D62-61C7-4201-9C43-DE1A9774061D}
	EndGlobalSection
EndGlobal
